# Generated by pub
# See https://dart.dev/tools/pub/glossary#lockfile
packages:
  vector_math:
    dependency: "direct main"
    description:
      name: vector_math
      sha256: ef221bda8445650f9cdf9ab0c6bd9521c0608ba9db5816f7a1ca1cdae372c75f
      url: "https://pub.dev"
    source: hosted
    version: "2.1.5"
sdks:
  dart: ">=3.6.0 <4.0.0"
